// !$*UTF8*$!
{
	archiveVersion = 1;
	classes = {
	};
	objectVersion = 46;
	objects = {

/* Begin PBXBuildFile section */
		607FACD61AFB9204008FA782 /* AppDelegate.swift in Sources */ = {isa = PBXBuildFile; fileRef = 607FACD51AFB9204008FA782 /* AppDelegate.swift */; };
		607FACD81AFB9204008FA782 /* ViewController.swift in Sources */ = {isa = PBXBuildFile; fileRef = 607FACD71AFB9204008FA782 /* ViewController.swift */; };
		607FACDB1AFB9204008FA782 /* Main.storyboard in Resources */ = {isa = PBXBuildFile; fileRef = 607FACD91AFB9204008FA782 /* Main.storyboard */; };
		607FACDD1AFB9204008FA782 /* Images.xcassets in Resources */ = {isa = PBXBuildFile; fileRef = 607FACDC1AFB9204008FA782 /* Images.xcassets */; };
		607FACE01AFB9204008FA782 /* LaunchScreen.xib in Resources */ = {isa = PBXBuildFile; fileRef = 607FACDE1AFB9204008FA782 /* LaunchScreen.xib */; };
		61AF755D31127974668C0985 /* Pods_Foundation_iOS_Example.framework in Frameworks */ = {isa = PBXBuildFile; fileRef = 9BA063D0956950E8A885E589 /* Pods_Foundation_iOS_Example.framework */; };
		A53A991F2DE611C4006B858A /* MockWalletMigrationDelegate.swift in Sources */ = {isa = PBXBuildFile; fileRef = A53A991A2DE611C4006B858A /* MockWalletMigrationDelegate.swift */; };
		A53A99202DE611C4006B858A /* MockWalletMigrationNavigator.swift in Sources */ = {isa = PBXBuildFile; fileRef = A53A991B2DE611C4006B858A /* MockWalletMigrationNavigator.swift */; };
		A53A99212DE611C4006B858A /* WalletMigrationServiceTests.swift in Sources */ = {isa = PBXBuildFile; fileRef = A53A991D2DE611C4006B858A /* WalletMigrationServiceTests.swift */; };
		A53A99222DE611C4006B858A /* WalletMigrationProtocolTests.swift in Sources */ = {isa = PBXBuildFile; fileRef = A53A991C2DE611C4006B858A /* WalletMigrationProtocolTests.swift */; };
		A5BB12C42D5FA69B00FD8299 /* TimerConstants.swift in Sources */ = {isa = PBXBuildFile; fileRef = A5BB12B82D5FA69B00FD8299 /* TimerConstants.swift */; };
		A5BB12C52D5FA69B00FD8299 /* EndpointBuilderTests.swift in Sources */ = {isa = PBXBuildFile; fileRef = A5BB12B52D5FA69B00FD8299 /* EndpointBuilderTests.swift */; };
		A5BB12C62D5FA69B00FD8299 /* CommonMocks.swift in Sources */ = {isa = PBXBuildFile; fileRef = A5BB12AE2D5FA69B00FD8299 /* CommonMocks.swift */; };
		A5BB12C72D5FA69B00FD8299 /* LocalizationTests.swift in Sources */ = {isa = PBXBuildFile; fileRef = A5BB12AC2D5FA69B00FD8299 /* LocalizationTests.swift */; };
		A5BB12C82D5FA69B00FD8299 /* BigNumberFormatterTests.swift in Sources */ = {isa = PBXBuildFile; fileRef = A5BB12B02D5FA69B00FD8299 /* BigNumberFormatterTests.swift */; };
		A5BB12C92D5FA69B00FD8299 /* InputHandlingObserverTests.swift in Sources */ = {isa = PBXBuildFile; fileRef = A5BB12BF2D5FA69B00FD8299 /* InputHandlingObserverTests.swift */; };
		A5BB12CA2D5FA69B00FD8299 /* LocalizableTests.swift in Sources */ = {isa = PBXBuildFile; fileRef = A5BB12AA2D5FA69B00FD8299 /* LocalizableTests.swift */; };
		A5BB12CB2D5FA69B00FD8299 /* InputHandlingInitializationTests.swift in Sources */ = {isa = PBXBuildFile; fileRef = A5BB12BE2D5FA69B00FD8299 /* InputHandlingInitializationTests.swift */; };
		A5BB12CC2D5FA69B00FD8299 /* CountdownTimerTests.swift in Sources */ = {isa = PBXBuildFile; fileRef = A5BB12B72D5FA69B00FD8299 /* CountdownTimerTests.swift */; };
		A5BB12CD2D5FA69B00FD8299 /* CompoundDateFormatterTests.swift in Sources */ = {isa = PBXBuildFile; fileRef = A5BB12A72D5FA69B00FD8299 /* CompoundDateFormatterTests.swift */; };
		A5BB12CE2D5FA69B00FD8299 /* LocalizationConstants.swift in Sources */ = {isa = PBXBuildFile; fileRef = A5BB12AB2D5FA69B00FD8299 /* LocalizationConstants.swift */; };
		A5BB12CF2D5FA69B00FD8299 /* DynamicPrecisionNumberFormatterTests.swift in Sources */ = {isa = PBXBuildFile; fileRef = A5BB12B22D5FA69B00FD8299 /* DynamicPrecisionNumberFormatterTests.swift */; };
		A5BB12D02D5FA69B00FD8299 /* CompoundNumberProcessingTests.swift in Sources */ = {isa = PBXBuildFile; fileRef = A5BB12B12D5FA69B00FD8299 /* CompoundNumberProcessingTests.swift */; };
		A5BB12D12D5FA69B00FD8299 /* InputViewModelTests.swift in Sources */ = {isa = PBXBuildFile; fileRef = A5BB12C12D5FA69B00FD8299 /* InputViewModelTests.swift */; };
		A5BB12D22D5FA69B00FD8299 /* InputHandlingRestrictionsTests.swift in Sources */ = {isa = PBXBuildFile; fileRef = A5BB12C02D5FA69B00FD8299 /* InputHandlingRestrictionsTests.swift */; };
		A5BB12D32D5FA69B00FD8299 /* LocalizableResourceTests.swift in Sources */ = {isa = PBXBuildFile; fileRef = A5BB12A92D5FA69B00FD8299 /* LocalizableResourceTests.swift */; };
		A5BB12D42D5FA69B00FD8299 /* TokenFormatterTests.swift in Sources */ = {isa = PBXBuildFile; fileRef = A5BB12B32D5FA69B00FD8299 /* TokenFormatterTests.swift */; };
		A5BB12D52D5FA69B00FD8299 /* TrimmingCharacterPreprocessorTests.swift in Sources */ = {isa = PBXBuildFile; fileRef = A5BB12BC2D5FA69B00FD8299 /* TrimmingCharacterPreprocessorTests.swift */; };
		A5BB12D62D5FA69B00FD8299 /* NameInputHandlingTests.swift in Sources */ = {isa = PBXBuildFile; fileRef = A5BB12C22D5FA69B00FD8299 /* NameInputHandlingTests.swift */; };
		A5BB12D72D5FA69B00FD8299 /* DuplicatePreprocessorTests.swift in Sources */ = {isa = PBXBuildFile; fileRef = A5BB12BA2D5FA69B00FD8299 /* DuplicatePreprocessorTests.swift */; };
		A5BB12D82D5FA69B00FD8299 /* PrefixCharacterPreprocessorTests.swift in Sources */ = {isa = PBXBuildFile; fileRef = A5BB12BB2D5FA69B00FD8299 /* PrefixCharacterPreprocessorTests.swift */; };
		D9EF3596DA9FA0B3579794F2 /* Pods_Foundation_iOS_Tests.framework in Frameworks */ = {isa = PBXBuildFile; fileRef = 0F3A5566D47F4E1E2B67C6BE /* Pods_Foundation_iOS_Tests.framework */; };
/* End PBXBuildFile section */

/* Begin PBXContainerItemProxy section */
		607FACE61AFB9204008FA782 /* PBXContainerItemProxy */ = {
			isa = PBXContainerItemProxy;
			containerPortal = 607FACC81AFB9204008FA782 /* Project object */;
			proxyType = 1;
			remoteGlobalIDString = 607FACCF1AFB9204008FA782;
			remoteInfo = "Foundation-iOS";
		};
/* End PBXContainerItemProxy section */

/* Begin PBXFileReference section */
		0F3A5566D47F4E1E2B67C6BE /* Pods_Foundation_iOS_Tests.framework */ = {isa = PBXFileReference; explicitFileType = wrapper.framework; includeInIndex = 0; path = Pods_Foundation_iOS_Tests.framework; sourceTree = BUILT_PRODUCTS_DIR; };
		1E91402540F67215C4FA446B /* Pods-Foundation-iOS_Example.release.xcconfig */ = {isa = PBXFileReference; includeInIndex = 1; lastKnownFileType = text.xcconfig; name = "Pods-Foundation-iOS_Example.release.xcconfig"; path = "Target Support Files/Pods-Foundation-iOS_Example/Pods-Foundation-iOS_Example.release.xcconfig"; sourceTree = "<group>"; };
		3CEFA3EE4017D25A2337C9E0 /* Pods-Foundation-iOS_Example.debug.xcconfig */ = {isa = PBXFileReference; includeInIndex = 1; lastKnownFileType = text.xcconfig; name = "Pods-Foundation-iOS_Example.debug.xcconfig"; path = "Target Support Files/Pods-Foundation-iOS_Example/Pods-Foundation-iOS_Example.debug.xcconfig"; sourceTree = "<group>"; };
		607FACD01AFB9204008FA782 /* Foundation-iOS_Example.app */ = {isa = PBXFileReference; explicitFileType = wrapper.application; includeInIndex = 0; path = "Foundation-iOS_Example.app"; sourceTree = BUILT_PRODUCTS_DIR; };
		607FACD41AFB9204008FA782 /* Info.plist */ = {isa = PBXFileReference; lastKnownFileType = text.plist.xml; path = Info.plist; sourceTree = "<group>"; };
		607FACD51AFB9204008FA782 /* AppDelegate.swift */ = {isa = PBXFileReference; lastKnownFileType = sourcecode.swift; path = AppDelegate.swift; sourceTree = "<group>"; };
		607FACD71AFB9204008FA782 /* ViewController.swift */ = {isa = PBXFileReference; lastKnownFileType = sourcecode.swift; path = ViewController.swift; sourceTree = "<group>"; };
		607FACDA1AFB9204008FA782 /* Base */ = {isa = PBXFileReference; lastKnownFileType = file.storyboard; name = Base; path = Base.lproj/Main.storyboard; sourceTree = "<group>"; };
		607FACDC1AFB9204008FA782 /* Images.xcassets */ = {isa = PBXFileReference; lastKnownFileType = folder.assetcatalog; path = Images.xcassets; sourceTree = "<group>"; };
		607FACDF1AFB9204008FA782 /* Base */ = {isa = PBXFileReference; lastKnownFileType = file.xib; name = Base; path = Base.lproj/LaunchScreen.xib; sourceTree = "<group>"; };
		607FACE51AFB9204008FA782 /* Foundation-iOS_Tests.xctest */ = {isa = PBXFileReference; explicitFileType = wrapper.cfbundle; includeInIndex = 0; path = "Foundation-iOS_Tests.xctest"; sourceTree = BUILT_PRODUCTS_DIR; };
		607FACEA1AFB9204008FA782 /* Info.plist */ = {isa = PBXFileReference; lastKnownFileType = text.plist.xml; path = Info.plist; sourceTree = "<group>"; };
		74D1E04EB918D81B40DEB471 /* Foundation-iOS.podspec */ = {isa = PBXFileReference; includeInIndex = 1; lastKnownFileType = text; name = "Foundation-iOS.podspec"; path = "../Foundation-iOS.podspec"; sourceTree = "<group>"; xcLanguageSpecificationIdentifier = xcode.lang.ruby; };
		7D4DDB20B16C4095FE9799AF /* LICENSE */ = {isa = PBXFileReference; includeInIndex = 1; lastKnownFileType = text; name = LICENSE; path = ../LICENSE; sourceTree = "<group>"; };
		9BA063D0956950E8A885E589 /* Pods_Foundation_iOS_Example.framework */ = {isa = PBXFileReference; explicitFileType = wrapper.framework; includeInIndex = 0; path = Pods_Foundation_iOS_Example.framework; sourceTree = BUILT_PRODUCTS_DIR; };
		A53A991A2DE611C4006B858A /* MockWalletMigrationDelegate.swift */ = {isa = PBXFileReference; lastKnownFileType = sourcecode.swift; path = MockWalletMigrationDelegate.swift; sourceTree = "<group>"; };
		A53A991B2DE611C4006B858A /* MockWalletMigrationNavigator.swift */ = {isa = PBXFileReference; lastKnownFileType = sourcecode.swift; path = MockWalletMigrationNavigator.swift; sourceTree = "<group>"; };
		A53A991C2DE611C4006B858A /* WalletMigrationProtocolTests.swift */ = {isa = PBXFileReference; lastKnownFileType = sourcecode.swift; path = WalletMigrationProtocolTests.swift; sourceTree = "<group>"; };
		A53A991D2DE611C4006B858A /* WalletMigrationServiceTests.swift */ = {isa = PBXFileReference; lastKnownFileType = sourcecode.swift; path = WalletMigrationServiceTests.swift; sourceTree = "<group>"; };
		A5BB12A72D5FA69B00FD8299 /* CompoundDateFormatterTests.swift */ = {isa = PBXFileReference; lastKnownFileType = sourcecode.swift; path = CompoundDateFormatterTests.swift; sourceTree = "<group>"; };
		A5BB12A92D5FA69B00FD8299 /* LocalizableResourceTests.swift */ = {isa = PBXFileReference; lastKnownFileType = sourcecode.swift; path = LocalizableResourceTests.swift; sourceTree = "<group>"; };
		A5BB12AA2D5FA69B00FD8299 /* LocalizableTests.swift */ = {isa = PBXFileReference; lastKnownFileType = sourcecode.swift; path = LocalizableTests.swift; sourceTree = "<group>"; };
		A5BB12AB2D5FA69B00FD8299 /* LocalizationConstants.swift */ = {isa = PBXFileReference; lastKnownFileType = sourcecode.swift; path = LocalizationConstants.swift; sourceTree = "<group>"; };
		A5BB12AC2D5FA69B00FD8299 /* LocalizationTests.swift */ = {isa = PBXFileReference; lastKnownFileType = sourcecode.swift; path = LocalizationTests.swift; sourceTree = "<group>"; };
		A5BB12AE2D5FA69B00FD8299 /* CommonMocks.swift */ = {isa = PBXFileReference; lastKnownFileType = sourcecode.swift; path = CommonMocks.swift; sourceTree = "<group>"; };
		A5BB12B02D5FA69B00FD8299 /* BigNumberFormatterTests.swift */ = {isa = PBXFileReference; lastKnownFileType = sourcecode.swift; path = BigNumberFormatterTests.swift; sourceTree = "<group>"; };
		A5BB12B12D5FA69B00FD8299 /* CompoundNumberProcessingTests.swift */ = {isa = PBXFileReference; lastKnownFileType = sourcecode.swift; path = CompoundNumberProcessingTests.swift; sourceTree = "<group>"; };
		A5BB12B22D5FA69B00FD8299 /* DynamicPrecisionNumberFormatterTests.swift */ = {isa = PBXFileReference; lastKnownFileType = sourcecode.swift; path = DynamicPrecisionNumberFormatterTests.swift; sourceTree = "<group>"; };
		A5BB12B32D5FA69B00FD8299 /* TokenFormatterTests.swift */ = {isa = PBXFileReference; lastKnownFileType = sourcecode.swift; path = TokenFormatterTests.swift; sourceTree = "<group>"; };
		A5BB12B52D5FA69B00FD8299 /* EndpointBuilderTests.swift */ = {isa = PBXFileReference; lastKnownFileType = sourcecode.swift; path = EndpointBuilderTests.swift; sourceTree = "<group>"; };
		A5BB12B72D5FA69B00FD8299 /* CountdownTimerTests.swift */ = {isa = PBXFileReference; lastKnownFileType = sourcecode.swift; path = CountdownTimerTests.swift; sourceTree = "<group>"; };
		A5BB12B82D5FA69B00FD8299 /* TimerConstants.swift */ = {isa = PBXFileReference; lastKnownFileType = sourcecode.swift; path = TimerConstants.swift; sourceTree = "<group>"; };
		A5BB12BA2D5FA69B00FD8299 /* DuplicatePreprocessorTests.swift */ = {isa = PBXFileReference; lastKnownFileType = sourcecode.swift; path = DuplicatePreprocessorTests.swift; sourceTree = "<group>"; };
		A5BB12BB2D5FA69B00FD8299 /* PrefixCharacterPreprocessorTests.swift */ = {isa = PBXFileReference; lastKnownFileType = sourcecode.swift; path = PrefixCharacterPreprocessorTests.swift; sourceTree = "<group>"; };
		A5BB12BC2D5FA69B00FD8299 /* TrimmingCharacterPreprocessorTests.swift */ = {isa = PBXFileReference; lastKnownFileType = sourcecode.swift; path = TrimmingCharacterPreprocessorTests.swift; sourceTree = "<group>"; };
		A5BB12BE2D5FA69B00FD8299 /* InputHandlingInitializationTests.swift */ = {isa = PBXFileReference; lastKnownFileType = sourcecode.swift; path = InputHandlingInitializationTests.swift; sourceTree = "<group>"; };
		A5BB12BF2D5FA69B00FD8299 /* InputHandlingObserverTests.swift */ = {isa = PBXFileReference; lastKnownFileType = sourcecode.swift; path = InputHandlingObserverTests.swift; sourceTree = "<group>"; };
		A5BB12C02D5FA69B00FD8299 /* InputHandlingRestrictionsTests.swift */ = {isa = PBXFileReference; lastKnownFileType = sourcecode.swift; path = InputHandlingRestrictionsTests.swift; sourceTree = "<group>"; };
		A5BB12C12D5FA69B00FD8299 /* InputViewModelTests.swift */ = {isa = PBXFileReference; lastKnownFileType = sourcecode.swift; path = InputViewModelTests.swift; sourceTree = "<group>"; };
		A5BB12C22D5FA69B00FD8299 /* NameInputHandlingTests.swift */ = {isa = PBXFileReference; lastKnownFileType = sourcecode.swift; path = NameInputHandlingTests.swift; sourceTree = "<group>"; };
		B5FF21FAB0915E01F7BA6BE9 /* README.md */ = {isa = PBXFileReference; includeInIndex = 1; lastKnownFileType = net.daringfireball.markdown; name = README.md; path = ../README.md; sourceTree = "<group>"; };
		BCA4225986CCD3E899763805 /* Pods-Foundation-iOS_Tests.release.xcconfig */ = {isa = PBXFileReference; includeInIndex = 1; lastKnownFileType = text.xcconfig; name = "Pods-Foundation-iOS_Tests.release.xcconfig"; path = "Target Support Files/Pods-Foundation-iOS_Tests/Pods-Foundation-iOS_Tests.release.xcconfig"; sourceTree = "<group>"; };
		CFC77964E34638F68B465257 /* Pods-Foundation-iOS_Tests.debug.xcconfig */ = {isa = PBXFileReference; includeInIndex = 1; lastKnownFileType = text.xcconfig; name = "Pods-Foundation-iOS_Tests.debug.xcconfig"; path = "Target Support Files/Pods-Foundation-iOS_Tests/Pods-Foundation-iOS_Tests.debug.xcconfig"; sourceTree = "<group>"; };
/* End PBXFileReference section */

/* Begin PBXFrameworksBuildPhase section */
		607FACCD1AFB9204008FA782 /* Frameworks */ = {
			isa = PBXFrameworksBuildPhase;
			buildActionMask = 2147483647;
			files = (
				61AF755D31127974668C0985 /* Pods_Foundation_iOS_Example.framework in Frameworks */,
			);
			runOnlyForDeploymentPostprocessing = 0;
		};
		607FACE21AFB9204008FA782 /* Frameworks */ = {
			isa = PBXFrameworksBuildPhase;
			buildActionMask = 2147483647;
			files = (
				D9EF3596DA9FA0B3579794F2 /* Pods_Foundation_iOS_Tests.framework in Frameworks */,
			);
			runOnlyForDeploymentPostprocessing = 0;
		};
/* End PBXFrameworksBuildPhase section */

/* Begin PBXGroup section */
		607FACC71AFB9204008FA782 = {
			isa = PBXGroup;
			children = (
				607FACF51AFB993E008FA782 /* Podspec Metadata */,
				607FACD21AFB9204008FA782 /* Example for Foundation-iOS */,
				607FACE81AFB9204008FA782 /* Tests */,
				607FACD11AFB9204008FA782 /* Products */,
				D82FF00E157B820B9345EA0D /* Pods */,
				F5AF07FBF25DA63699A718DF /* Frameworks */,
			);
			sourceTree = "<group>";
		};
		607FACD11AFB9204008FA782 /* Products */ = {
			isa = PBXGroup;
			children = (
				607FACD01AFB9204008FA782 /* Foundation-iOS_Example.app */,
				607FACE51AFB9204008FA782 /* Foundation-iOS_Tests.xctest */,
			);
			name = Products;
			sourceTree = "<group>";
		};
		607FACD21AFB9204008FA782 /* Example for Foundation-iOS */ = {
			isa = PBXGroup;
			children = (
				607FACD51AFB9204008FA782 /* AppDelegate.swift */,
				607FACD71AFB9204008FA782 /* ViewController.swift */,
				607FACD91AFB9204008FA782 /* Main.storyboard */,
				607FACDC1AFB9204008FA782 /* Images.xcassets */,
				607FACDE1AFB9204008FA782 /* LaunchScreen.xib */,
				607FACD31AFB9204008FA782 /* Supporting Files */,
			);
			name = "Example for Foundation-iOS";
			path = "Foundation-iOS";
			sourceTree = "<group>";
		};
		607FACD31AFB9204008FA782 /* Supporting Files */ = {
			isa = PBXGroup;
			children = (
				607FACD41AFB9204008FA782 /* Info.plist */,
			);
			name = "Supporting Files";
			sourceTree = "<group>";
		};
		607FACE81AFB9204008FA782 /* Tests */ = {
			isa = PBXGroup;
			children = (
				A53A991E2DE611C4006B858A /* WalletMigration */,
				A5BB12A82D5FA69B00FD8299 /* DateProcessing */,
				A5BB12AD2D5FA69B00FD8299 /* Localization */,
				A5BB12AF2D5FA69B00FD8299 /* Mocks */,
				A5BB12B42D5FA69B00FD8299 /* NumberProcessing */,
				A5BB12B62D5FA69B00FD8299 /* QueryProccessing */,
				A5BB12B92D5FA69B00FD8299 /* Timer */,
				A5BB12C32D5FA69B00FD8299 /* ViewModel */,
				607FACE91AFB9204008FA782 /* Supporting Files */,
			);
			path = Tests;
			sourceTree = "<group>";
		};
		607FACE91AFB9204008FA782 /* Supporting Files */ = {
			isa = PBXGroup;
			children = (
				607FACEA1AFB9204008FA782 /* Info.plist */,
			);
			name = "Supporting Files";
			sourceTree = "<group>";
		};
		607FACF51AFB993E008FA782 /* Podspec Metadata */ = {
			isa = PBXGroup;
			children = (
				74D1E04EB918D81B40DEB471 /* Foundation-iOS.podspec */,
				B5FF21FAB0915E01F7BA6BE9 /* README.md */,
				7D4DDB20B16C4095FE9799AF /* LICENSE */,
			);
			name = "Podspec Metadata";
			sourceTree = "<group>";
		};
		A53A991E2DE611C4006B858A /* WalletMigration */ = {
			isa = PBXGroup;
			children = (
				A53A991A2DE611C4006B858A /* MockWalletMigrationDelegate.swift */,
				A53A991B2DE611C4006B858A /* MockWalletMigrationNavigator.swift */,
				A53A991C2DE611C4006B858A /* WalletMigrationProtocolTests.swift */,
				A53A991D2DE611C4006B858A /* WalletMigrationServiceTests.swift */,
			);
			name = WalletMigration;
			path = ../Tests/WalletMigration;
			sourceTree = SOURCE_ROOT;
		};
		A5BB12A82D5FA69B00FD8299 /* DateProcessing */ = {
			isa = PBXGroup;
			children = (
				A5BB12A72D5FA69B00FD8299 /* CompoundDateFormatterTests.swift */,
			);
			name = DateProcessing;
			path = ../Tests/DateProcessing;
			sourceTree = SOURCE_ROOT;
		};
		A5BB12AD2D5FA69B00FD8299 /* Localization */ = {
			isa = PBXGroup;
			children = (
				A5BB12A92D5FA69B00FD8299 /* LocalizableResourceTests.swift */,
				A5BB12AA2D5FA69B00FD8299 /* LocalizableTests.swift */,
				A5BB12AB2D5FA69B00FD8299 /* LocalizationConstants.swift */,
				A5BB12AC2D5FA69B00FD8299 /* LocalizationTests.swift */,
			);
			name = Localization;
			path = ../Tests/Localization;
			sourceTree = SOURCE_ROOT;
		};
		A5BB12AF2D5FA69B00FD8299 /* Mocks */ = {
			isa = PBXGroup;
			children = (
				A5BB12AE2D5FA69B00FD8299 /* CommonMocks.swift */,
			);
			name = Mocks;
			path = ../Tests/Mocks;
			sourceTree = SOURCE_ROOT;
		};
		A5BB12B42D5FA69B00FD8299 /* NumberProcessing */ = {
			isa = PBXGroup;
			children = (
				A5BB12B02D5FA69B00FD8299 /* BigNumberFormatterTests.swift */,
				A5BB12B12D5FA69B00FD8299 /* CompoundNumberProcessingTests.swift */,
				A5BB12B22D5FA69B00FD8299 /* DynamicPrecisionNumberFormatterTests.swift */,
				A5BB12B32D5FA69B00FD8299 /* TokenFormatterTests.swift */,
			);
			name = NumberProcessing;
			path = ../Tests/NumberProcessing;
			sourceTree = SOURCE_ROOT;
		};
		A5BB12B62D5FA69B00FD8299 /* QueryProccessing */ = {
			isa = PBXGroup;
			children = (
				A5BB12B52D5FA69B00FD8299 /* EndpointBuilderTests.swift */,
			);
			name = QueryProccessing;
			path = ../Tests/QueryProccessing;
			sourceTree = SOURCE_ROOT;
		};
		A5BB12B92D5FA69B00FD8299 /* Timer */ = {
			isa = PBXGroup;
			children = (
				A5BB12B72D5FA69B00FD8299 /* CountdownTimerTests.swift */,
				A5BB12B82D5FA69B00FD8299 /* TimerConstants.swift */,
			);
			name = Timer;
			path = ../Tests/Timer;
			sourceTree = SOURCE_ROOT;
		};
		A5BB12BD2D5FA69B00FD8299 /* Preprocessor */ = {
			isa = PBXGroup;
			children = (
				A5BB12BA2D5FA69B00FD8299 /* DuplicatePreprocessorTests.swift */,
				A5BB12BB2D5FA69B00FD8299 /* PrefixCharacterPreprocessorTests.swift */,
				A5BB12BC2D5FA69B00FD8299 /* TrimmingCharacterPreprocessorTests.swift */,
			);
			path = Preprocessor;
			sourceTree = "<group>";
		};
		A5BB12C32D5FA69B00FD8299 /* ViewModel */ = {
			isa = PBXGroup;
			children = (
				A5BB12BD2D5FA69B00FD8299 /* Preprocessor */,
				A5BB12BE2D5FA69B00FD8299 /* InputHandlingInitializationTests.swift */,
				A5BB12BF2D5FA69B00FD8299 /* InputHandlingObserverTests.swift */,
				A5BB12C02D5FA69B00FD8299 /* InputHandlingRestrictionsTests.swift */,
				A5BB12C12D5FA69B00FD8299 /* InputViewModelTests.swift */,
				A5BB12C22D5FA69B00FD8299 /* NameInputHandlingTests.swift */,
			);
			name = ViewModel;
			path = ../Tests/ViewModel;
			sourceTree = SOURCE_ROOT;
		};
		D82FF00E157B820B9345EA0D /* Pods */ = {
			isa = PBXGroup;
			children = (
				3CEFA3EE4017D25A2337C9E0 /* Pods-Foundation-iOS_Example.debug.xcconfig */,
				1E91402540F67215C4FA446B /* Pods-Foundation-iOS_Example.release.xcconfig */,
				CFC77964E34638F68B465257 /* Pods-Foundation-iOS_Tests.debug.xcconfig */,
				BCA4225986CCD3E899763805 /* Pods-Foundation-iOS_Tests.release.xcconfig */,
			);
			path = Pods;
			sourceTree = "<group>";
		};
		F5AF07FBF25DA63699A718DF /* Frameworks */ = {
			isa = PBXGroup;
			children = (
				9BA063D0956950E8A885E589 /* Pods_Foundation_iOS_Example.framework */,
				0F3A5566D47F4E1E2B67C6BE /* Pods_Foundation_iOS_Tests.framework */,
			);
			name = Frameworks;
			sourceTree = "<group>";
		};
/* End PBXGroup section */

/* Begin PBXNativeTarget section */
		607FACCF1AFB9204008FA782 /* Foundation-iOS_Example */ = {
			isa = PBXNativeTarget;
			buildConfigurationList = 607FACEF1AFB9204008FA782 /* Build configuration list for PBXNativeTarget "Foundation-iOS_Example" */;
			buildPhases = (
				323929FD132FED11A142266D /* [CP] Check Pods Manifest.lock */,
				607FACCC1AFB9204008FA782 /* Sources */,
				607FACCD1AFB9204008FA782 /* Frameworks */,
				607FACCE1AFB9204008FA782 /* Resources */,
				718AD92AD819454E7C603AB8 /* [CP] Embed Pods Frameworks */,
			);
			buildRules = (
			);
			dependencies = (
			);
			name = "Foundation-iOS_Example";
			productName = "Foundation-iOS";
			productReference = 607FACD01AFB9204008FA782 /* Foundation-iOS_Example.app */;
			productType = "com.apple.product-type.application";
		};
		607FACE41AFB9204008FA782 /* Foundation-iOS_Tests */ = {
			isa = PBXNativeTarget;
			buildConfigurationList = 607FACF21AFB9204008FA782 /* Build configuration list for PBXNativeTarget "Foundation-iOS_Tests" */;
			buildPhases = (
				A2AC2AE3D0229AB02F130CEB /* [CP] Check Pods Manifest.lock */,
				607FACE11AFB9204008FA782 /* Sources */,
				607FACE21AFB9204008FA782 /* Frameworks */,
				607FACE31AFB9204008FA782 /* Resources */,
				C8C3E52A19AEEAB7E19B75C8 /* [CP] Embed Pods Frameworks */,
			);
			buildRules = (
			);
			dependencies = (
				607FACE71AFB9204008FA782 /* PBXTargetDependency */,
			);
			name = "Foundation-iOS_Tests";
			productName = Tests;
			productReference = 607FACE51AFB9204008FA782 /* Foundation-iOS_Tests.xctest */;
			productType = "com.apple.product-type.bundle.unit-test";
		};
/* End PBXNativeTarget section */

/* Begin PBXProject section */
		607FACC81AFB9204008FA782 /* Project object */ = {
			isa = PBXProject;
			attributes = {
				LastSwiftUpdateCheck = 0830;
				LastUpgradeCheck = 0830;
				ORGANIZATIONNAME = CocoaPods;
				TargetAttributes = {
					607FACCF1AFB9204008FA782 = {
						CreatedOnToolsVersion = 6.3.1;
						LastSwiftMigration = 1520;
					};
					607FACE41AFB9204008FA782 = {
						CreatedOnToolsVersion = 6.3.1;
						LastSwiftMigration = 1520;
						TestTargetID = 607FACCF1AFB9204008FA782;
					};
				};
			};
			buildConfigurationList = 607FACCB1AFB9204008FA782 /* Build configuration list for PBXProject "Foundation-iOS" */;
			compatibilityVersion = "Xcode 3.2";
			developmentRegion = English;
			hasScannedForEncodings = 0;
			knownRegions = (
				English,
				en,
				Base,
			);
			mainGroup = 607FACC71AFB9204008FA782;
			productRefGroup = 607FACD11AFB9204008FA782 /* Products */;
			projectDirPath = "";
			projectRoot = "";
			targets = (
				607FACCF1AFB9204008FA782 /* Foundation-iOS_Example */,
				607FACE41AFB9204008FA782 /* Foundation-iOS_Tests */,
			);
		};
/* End PBXProject section */

/* Begin PBXResourcesBuildPhase section */
		607FACCE1AFB9204008FA782 /* Resources */ = {
			isa = PBXResourcesBuildPhase;
			buildActionMask = 2147483647;
			files = (
				607FACDB1AFB9204008FA782 /* Main.storyboard in Resources */,
				607FACE01AFB9204008FA782 /* LaunchScreen.xib in Resources */,
				607FACDD1AFB9204008FA782 /* Images.xcassets in Resources */,
			);
			runOnlyForDeploymentPostprocessing = 0;
		};
		607FACE31AFB9204008FA782 /* Resources */ = {
			isa = PBXResourcesBuildPhase;
			buildActionMask = 2147483647;
			files = (
			);
			runOnlyForDeploymentPostprocessing = 0;
		};
/* End PBXResourcesBuildPhase section */

/* Begin PBXShellScriptBuildPhase section */
		323929FD132FED11A142266D /* [CP] Check Pods Manifest.lock */ = {
			isa = PBXShellScriptBuildPhase;
			buildActionMask = 2147483647;
			files = (
			);
			inputFileListPaths = (
			);
			inputPaths = (
				"${PODS_PODFILE_DIR_PATH}/Podfile.lock",
				"${PODS_ROOT}/Manifest.lock",
			);
			name = "[CP] Check Pods Manifest.lock";
			outputFileListPaths = (
			);
			outputPaths = (
				"$(DERIVED_FILE_DIR)/Pods-Foundation-iOS_Example-checkManifestLockResult.txt",
			);
			runOnlyForDeploymentPostprocessing = 0;
			shellPath = /bin/sh;
			shellScript = "diff \"${PODS_PODFILE_DIR_PATH}/Podfile.lock\" \"${PODS_ROOT}/Manifest.lock\" > /dev/null\nif [ $? != 0 ] ; then\n    # print error to STDERR\n    echo \"error: The sandbox is not in sync with the Podfile.lock. Run 'pod install' or update your CocoaPods installation.\" >&2\n    exit 1\nfi\n# This output is used by Xcode 'outputs' to avoid re-running this script phase.\necho \"SUCCESS\" > \"${SCRIPT_OUTPUT_FILE_0}\"\n";
			showEnvVarsInLog = 0;
		};
		718AD92AD819454E7C603AB8 /* [CP] Embed Pods Frameworks */ = {
			isa = PBXShellScriptBuildPhase;
			buildActionMask = 2147483647;
			files = (
			);
			inputPaths = (
				"${PODS_ROOT}/Target Support Files/Pods-Foundation-iOS_Example/Pods-Foundation-iOS_Example-frameworks.sh",
				"${BUILT_PRODUCTS_DIR}/Foundation-iOS/Foundation_iOS.framework",
				"${BUILT_PRODUCTS_DIR}/Keystore-iOS/Keystore_iOS.framework",
			);
			name = "[CP] Embed Pods Frameworks";
			outputPaths = (
				"${TARGET_BUILD_DIR}/${FRAMEWORKS_FOLDER_PATH}/Foundation_iOS.framework",
				"${TARGET_BUILD_DIR}/${FRAMEWORKS_FOLDER_PATH}/Keystore_iOS.framework",
			);
			runOnlyForDeploymentPostprocessing = 0;
			shellPath = /bin/sh;
			shellScript = "\"${PODS_ROOT}/Target Support Files/Pods-Foundation-iOS_Example/Pods-Foundation-iOS_Example-frameworks.sh\"\n";
			showEnvVarsInLog = 0;
		};
		A2AC2AE3D0229AB02F130CEB /* [CP] Check Pods Manifest.lock */ = {
			isa = PBXShellScriptBuildPhase;
			buildActionMask = 2147483647;
			files = (
			);
			inputFileListPaths = (
			);
			inputPaths = (
				"${PODS_PODFILE_DIR_PATH}/Podfile.lock",
				"${PODS_ROOT}/Manifest.lock",
			);
			name = "[CP] Check Pods Manifest.lock";
			outputFileListPaths = (
			);
			outputPaths = (
				"$(DERIVED_FILE_DIR)/Pods-Foundation-iOS_Tests-checkManifestLockResult.txt",
			);
			runOnlyForDeploymentPostprocessing = 0;
			shellPath = /bin/sh;
			shellScript = "diff \"${PODS_PODFILE_DIR_PATH}/Podfile.lock\" \"${PODS_ROOT}/Manifest.lock\" > /dev/null\nif [ $? != 0 ] ; then\n    # print error to STDERR\n    echo \"error: The sandbox is not in sync with the Podfile.lock. Run 'pod install' or update your CocoaPods installation.\" >&2\n    exit 1\nfi\n# This output is used by Xcode 'outputs' to avoid re-running this script phase.\necho \"SUCCESS\" > \"${SCRIPT_OUTPUT_FILE_0}\"\n";
			showEnvVarsInLog = 0;
		};
		C8C3E52A19AEEAB7E19B75C8 /* [CP] Embed Pods Frameworks */ = {
			isa = PBXShellScriptBuildPhase;
			buildActionMask = 2147483647;
			files = (
			);
			inputPaths = (
				"${PODS_ROOT}/Target Support Files/Pods-Foundation-iOS_Tests/Pods-Foundation-iOS_Tests-frameworks.sh",
				"${BUILT_PRODUCTS_DIR}/Cuckoo/Cuckoo.framework",
			);
			name = "[CP] Embed Pods Frameworks";
			outputPaths = (
				"${TARGET_BUILD_DIR}/${FRAMEWORKS_FOLDER_PATH}/Cuckoo.framework",
			);
			runOnlyForDeploymentPostprocessing = 0;
			shellPath = /bin/sh;
			shellScript = "\"${PODS_ROOT}/Target Support Files/Pods-Foundation-iOS_Tests/Pods-Foundation-iOS_Tests-frameworks.sh\"\n";
			showEnvVarsInLog = 0;
		};
/* End PBXShellScriptBuildPhase section */

/* Begin PBXSourcesBuildPhase section */
		607FACCC1AFB9204008FA782 /* Sources */ = {
			isa = PBXSourcesBuildPhase;
			buildActionMask = 2147483647;
			files = (
				607FACD81AFB9204008FA782 /* ViewController.swift in Sources */,
				607FACD61AFB9204008FA782 /* AppDelegate.swift in Sources */,
			);
			runOnlyForDeploymentPostprocessing = 0;
		};
		607FACE11AFB9204008FA782 /* Sources */ = {
			isa = PBXSourcesBuildPhase;
			buildActionMask = 2147483647;
			files = (
				A5BB12C42D5FA69B00FD8299 /* TimerConstants.swift in Sources */,
				A5BB12C52D5FA69B00FD8299 /* EndpointBuilderTests.swift in Sources */,
				A5BB12C62D5FA69B00FD8299 /* CommonMocks.swift in Sources */,
				A5BB12C72D5FA69B00FD8299 /* LocalizationTests.swift in Sources */,
				A5BB12C82D5FA69B00FD8299 /* BigNumberFormatterTests.swift in Sources */,
				A5BB12C92D5FA69B00FD8299 /* InputHandlingObserverTests.swift in Sources */,
				A5BB12CA2D5FA69B00FD8299 /* LocalizableTests.swift in Sources */,
				A5BB12CB2D5FA69B00FD8299 /* InputHandlingInitializationTests.swift in Sources */,
				A5BB12CC2D5FA69B00FD8299 /* CountdownTimerTests.swift in Sources */,
				A5BB12CD2D5FA69B00FD8299 /* CompoundDateFormatterTests.swift in Sources */,
				A5BB12CE2D5FA69B00FD8299 /* LocalizationConstants.swift in Sources */,
				A5BB12CF2D5FA69B00FD8299 /* DynamicPrecisionNumberFormatterTests.swift in Sources */,
				A5BB12D02D5FA69B00FD8299 /* CompoundNumberProcessingTests.swift in Sources */,
				A5BB12D12D5FA69B00FD8299 /* InputViewModelTests.swift in Sources */,
				A5BB12D22D5FA69B00FD8299 /* InputHandlingRestrictionsTests.swift in Sources */,
				A53A991F2DE611C4006B858A /* MockWalletMigrationDelegate.swift in Sources */,
				A53A99202DE611C4006B858A /* MockWalletMigrationNavigator.swift in Sources */,
				A53A99212DE611C4006B858A /* WalletMigrationServiceTests.swift in Sources */,
				A53A99222DE611C4006B858A /* WalletMigrationProtocolTests.swift in Sources */,
				A5BB12D32D5FA69B00FD8299 /* LocalizableResourceTests.swift in Sources */,
				A5BB12D42D5FA69B00FD8299 /* TokenFormatterTests.swift in Sources */,
				A5BB12D52D5FA69B00FD8299 /* TrimmingCharacterPreprocessorTests.swift in Sources */,
				A5BB12D62D5FA69B00FD8299 /* NameInputHandlingTests.swift in Sources */,
				A5BB12D72D5FA69B00FD8299 /* DuplicatePreprocessorTests.swift in Sources */,
				A5BB12D82D5FA69B00FD8299 /* PrefixCharacterPreprocessorTests.swift in Sources */,
			);
			runOnlyForDeploymentPostprocessing = 0;
		};
/* End PBXSourcesBuildPhase section */

/* Begin PBXTargetDependency section */
		607FACE71AFB9204008FA782 /* PBXTargetDependency */ = {
			isa = PBXTargetDependency;
			target = 607FACCF1AFB9204008FA782 /* Foundation-iOS_Example */;
			targetProxy = 607FACE61AFB9204008FA782 /* PBXContainerItemProxy */;
		};
/* End PBXTargetDependency section */

/* Begin PBXVariantGroup section */
		607FACD91AFB9204008FA782 /* Main.storyboard */ = {
			isa = PBXVariantGroup;
			children = (
				607FACDA1AFB9204008FA782 /* Base */,
			);
			name = Main.storyboard;
			sourceTree = "<group>";
		};
		607FACDE1AFB9204008FA782 /* LaunchScreen.xib */ = {
			isa = PBXVariantGroup;
			children = (
				607FACDF1AFB9204008FA782 /* Base */,
			);
			name = LaunchScreen.xib;
			sourceTree = "<group>";
		};
/* End PBXVariantGroup section */

/* Begin XCBuildConfiguration section */
		607FACED1AFB9204008FA782 /* Debug */ = {
			isa = XCBuildConfiguration;
			buildSettings = {
				ALWAYS_SEARCH_USER_PATHS = NO;
				CLANG_CXX_LANGUAGE_STANDARD = "gnu++0x";
				CLANG_CXX_LIBRARY = "libc++";
				CLANG_ENABLE_MODULES = YES;
				CLANG_ENABLE_OBJC_ARC = YES;
				CLANG_WARN_BLOCK_CAPTURE_AUTORELEASING = YES;
				CLANG_WARN_BOOL_CONVERSION = YES;
				CLANG_WARN_COMMA = YES;
				CLANG_WARN_CONSTANT_CONVERSION = YES;
				CLANG_WARN_DIRECT_OBJC_ISA_USAGE = YES_ERROR;
				CLANG_WARN_EMPTY_BODY = YES;
				CLANG_WARN_ENUM_CONVERSION = YES;
				CLANG_WARN_INFINITE_RECURSION = YES;
				CLANG_WARN_INT_CONVERSION = YES;
				CLANG_WARN_NON_LITERAL_NULL_CONVERSION = YES;
				CLANG_WARN_OBJC_LITERAL_CONVERSION = YES;
				CLANG_WARN_OBJC_ROOT_CLASS = YES_ERROR;
				CLANG_WARN_RANGE_LOOP_ANALYSIS = YES;
				CLANG_WARN_STRICT_PROTOTYPES = YES;
				CLANG_WARN_SUSPICIOUS_MOVE = YES;
				CLANG_WARN_UNREACHABLE_CODE = YES;
				CLANG_WARN__DUPLICATE_METHOD_MATCH = YES;
				"CODE_SIGN_IDENTITY[sdk=iphoneos*]" = "iPhone Developer";
				COPY_PHASE_STRIP = NO;
				DEBUG_INFORMATION_FORMAT = "dwarf-with-dsym";
				ENABLE_STRICT_OBJC_MSGSEND = YES;
				ENABLE_TESTABILITY = YES;
				GCC_C_LANGUAGE_STANDARD = gnu99;
				GCC_DYNAMIC_NO_PIC = NO;
				GCC_NO_COMMON_BLOCKS = YES;
				GCC_OPTIMIZATION_LEVEL = 0;
				GCC_PREPROCESSOR_DEFINITIONS = (
					"DEBUG=1",
					"$(inherited)",
				);
				GCC_SYMBOLS_PRIVATE_EXTERN = NO;
				GCC_WARN_64_TO_32_BIT_CONVERSION = YES;
				GCC_WARN_ABOUT_RETURN_TYPE = YES_ERROR;
				GCC_WARN_UNDECLARED_SELECTOR = YES;
				GCC_WARN_UNINITIALIZED_AUTOS = YES_AGGRESSIVE;
				GCC_WARN_UNUSED_FUNCTION = YES;
				GCC_WARN_UNUSED_VARIABLE = YES;
				IPHONEOS_DEPLOYMENT_TARGET = 9.3;
				MTL_ENABLE_DEBUG_INFO = YES;
				ONLY_ACTIVE_ARCH = YES;
				SDKROOT = iphoneos;
				SWIFT_OPTIMIZATION_LEVEL = "-Onone";
			};
			name = Debug;
		};
		607FACEE1AFB9204008FA782 /* Release */ = {
			isa = XCBuildConfiguration;
			buildSettings = {
				ALWAYS_SEARCH_USER_PATHS = NO;
				CLANG_CXX_LANGUAGE_STANDARD = "gnu++0x";
				CLANG_CXX_LIBRARY = "libc++";
				CLANG_ENABLE_MODULES = YES;
				CLANG_ENABLE_OBJC_ARC = YES;
				CLANG_WARN_BLOCK_CAPTURE_AUTORELEASING = YES;
				CLANG_WARN_BOOL_CONVERSION = YES;
				CLANG_WARN_COMMA = YES;
				CLANG_WARN_CONSTANT_CONVERSION = YES;
				CLANG_WARN_DIRECT_OBJC_ISA_USAGE = YES_ERROR;
				CLANG_WARN_EMPTY_BODY = YES;
				CLANG_WARN_ENUM_CONVERSION = YES;
				CLANG_WARN_INFINITE_RECURSION = YES;
				CLANG_WARN_INT_CONVERSION = YES;
				CLANG_WARN_NON_LITERAL_NULL_CONVERSION = YES;
				CLANG_WARN_OBJC_LITERAL_CONVERSION = YES;
				CLANG_WARN_OBJC_ROOT_CLASS = YES_ERROR;
				CLANG_WARN_RANGE_LOOP_ANALYSIS = YES;
				CLANG_WARN_STRICT_PROTOTYPES = YES;
				CLANG_WARN_SUSPICIOUS_MOVE = YES;
				CLANG_WARN_UNREACHABLE_CODE = YES;
				CLANG_WARN__DUPLICATE_METHOD_MATCH = YES;
				"CODE_SIGN_IDENTITY[sdk=iphoneos*]" = "iPhone Developer";
				COPY_PHASE_STRIP = NO;
				DEBUG_INFORMATION_FORMAT = "dwarf-with-dsym";
				ENABLE_NS_ASSERTIONS = NO;
				ENABLE_STRICT_OBJC_MSGSEND = YES;
				GCC_C_LANGUAGE_STANDARD = gnu99;
				GCC_NO_COMMON_BLOCKS = YES;
				GCC_WARN_64_TO_32_BIT_CONVERSION = YES;
				GCC_WARN_ABOUT_RETURN_TYPE = YES_ERROR;
				GCC_WARN_UNDECLARED_SELECTOR = YES;
				GCC_WARN_UNINITIALIZED_AUTOS = YES_AGGRESSIVE;
				GCC_WARN_UNUSED_FUNCTION = YES;
				GCC_WARN_UNUSED_VARIABLE = YES;
				IPHONEOS_DEPLOYMENT_TARGET = 9.3;
				MTL_ENABLE_DEBUG_INFO = NO;
				SDKROOT = iphoneos;
				SWIFT_OPTIMIZATION_LEVEL = "-Owholemodule";
				VALIDATE_PRODUCT = YES;
			};
			name = Release;
		};
		607FACF01AFB9204008FA782 /* Debug */ = {
			isa = XCBuildConfiguration;
			baseConfigurationReference = 3CEFA3EE4017D25A2337C9E0 /* Pods-Foundation-iOS_Example.debug.xcconfig */;
			buildSettings = {
				ASSETCATALOG_COMPILER_APPICON_NAME = AppIcon;
				INFOPLIST_FILE = "Foundation-iOS/Info.plist";
				IPHONEOS_DEPLOYMENT_TARGET = 15.0;
				LD_RUNPATH_SEARCH_PATHS = "$(inherited) @executable_path/Frameworks";
				MODULE_NAME = ExampleApp;
				PRODUCT_BUNDLE_IDENTIFIER = "org.cocoapods.demo.$(PRODUCT_NAME:rfc1034identifier)";
				PRODUCT_NAME = "$(TARGET_NAME)";
				SWIFT_SWIFT3_OBJC_INFERENCE = Default;
				SWIFT_VERSION = 5.0;
			};
			name = Debug;
		};
		607FACF11AFB9204008FA782 /* Release */ = {
			isa = XCBuildConfiguration;
			baseConfigurationReference = 1E91402540F67215C4FA446B /* Pods-Foundation-iOS_Example.release.xcconfig */;
			buildSettings = {
				ASSETCATALOG_COMPILER_APPICON_NAME = AppIcon;
				INFOPLIST_FILE = "Foundation-iOS/Info.plist";
				IPHONEOS_DEPLOYMENT_TARGET = 15.0;
				LD_RUNPATH_SEARCH_PATHS = "$(inherited) @executable_path/Frameworks";
				MODULE_NAME = ExampleApp;
				PRODUCT_BUNDLE_IDENTIFIER = "org.cocoapods.demo.$(PRODUCT_NAME:rfc1034identifier)";
				PRODUCT_NAME = "$(TARGET_NAME)";
				SWIFT_SWIFT3_OBJC_INFERENCE = Default;
				SWIFT_VERSION = 5.0;
			};
			name = Release;
		};
		607FACF31AFB9204008FA782 /* Debug */ = {
			isa = XCBuildConfiguration;
			baseConfigurationReference = CFC77964E34638F68B465257 /* Pods-Foundation-iOS_Tests.debug.xcconfig */;
			buildSettings = {
				FRAMEWORK_SEARCH_PATHS = (
					"$(PLATFORM_DIR)/Developer/Library/Frameworks",
					"$(inherited)",
				);
				GCC_PREPROCESSOR_DEFINITIONS = (
					"DEBUG=1",
					"$(inherited)",
				);
				INFOPLIST_FILE = Tests/Info.plist;
				IPHONEOS_DEPLOYMENT_TARGET = 15.0;
				LD_RUNPATH_SEARCH_PATHS = "$(inherited) @executable_path/Frameworks @loader_path/Frameworks";
				PRODUCT_BUNDLE_IDENTIFIER = "org.cocoapods.$(PRODUCT_NAME:rfc1034identifier)";
				PRODUCT_NAME = "$(TARGET_NAME)";
				SWIFT_SWIFT3_OBJC_INFERENCE = Default;
				SWIFT_VERSION = 5.0;
				TEST_HOST = "$(BUILT_PRODUCTS_DIR)/Foundation-iOS_Example.app/Foundation-iOS_Example";
			};
			name = Debug;
		};
		607FACF41AFB9204008FA782 /* Release */ = {
			isa = XCBuildConfiguration;
			baseConfigurationReference = BCA4225986CCD3E899763805 /* Pods-Foundation-iOS_Tests.release.xcconfig */;
			buildSettings = {
				FRAMEWORK_SEARCH_PATHS = (
					"$(PLATFORM_DIR)/Developer/Library/Frameworks",
					"$(inherited)",
				);
				INFOPLIST_FILE = Tests/Info.plist;
				IPHONEOS_DEPLOYMENT_TARGET = 15.0;
				LD_RUNPATH_SEARCH_PATHS = "$(inherited) @executable_path/Frameworks @loader_path/Frameworks";
				PRODUCT_BUNDLE_IDENTIFIER = "org.cocoapods.$(PRODUCT_NAME:rfc1034identifier)";
				PRODUCT_NAME = "$(TARGET_NAME)";
				SWIFT_SWIFT3_OBJC_INFERENCE = Default;
				SWIFT_VERSION = 5.0;
				TEST_HOST = "$(BUILT_PRODUCTS_DIR)/Foundation-iOS_Example.app/Foundation-iOS_Example";
			};
			name = Release;
		};
/* End XCBuildConfiguration section */

/* Begin XCConfigurationList section */
		607FACCB1AFB9204008FA782 /* Build configuration list for PBXProject "Foundation-iOS" */ = {
			isa = XCConfigurationList;
			buildConfigurations = (
				607FACED1AFB9204008FA782 /* Debug */,
				607FACEE1AFB9204008FA782 /* Release */,
			);
			defaultConfigurationIsVisible = 0;
			defaultConfigurationName = Release;
		};
		607FACEF1AFB9204008FA782 /* Build configuration list for PBXNativeTarget "Foundation-iOS_Example" */ = {
			isa = XCConfigurationList;
			buildConfigurations = (
				607FACF01AFB9204008FA782 /* Debug */,
				607FACF11AFB9204008FA782 /* Release */,
			);
			defaultConfigurationIsVisible = 0;
			defaultConfigurationName = Release;
		};
		607FACF21AFB9204008FA782 /* Build configuration list for PBXNativeTarget "Foundation-iOS_Tests" */ = {
			isa = XCConfigurationList;
			buildConfigurations = (
				607FACF31AFB9204008FA782 /* Debug */,
				607FACF41AFB9204008FA782 /* Release */,
			);
			defaultConfigurationIsVisible = 0;
			defaultConfigurationName = Release;
		};
/* End XCConfigurationList section */
	};
	rootObject = 607FACC81AFB9204008FA782 /* Project object */;
}
